
Microsoft Visual Studio Solution File, Format Version 12.00
# Visual Studio 15
VisualStudioVersion = 15.0.27703.2047
MinimumVisualStudioVersion = 10.0.40219.1
Project("{FAE04EC0-301F-11D3-BF4B-00C04F79EFBC}") = "Udemy_Lern_Collections_In_CSharp_DotNet", "Udemy_Lern_Collections_In_CSharp_DotNet\Udemy_Lern_Collections_In_CSharp_DotNet.csproj", "{FD1E3033-DC2E-4E57-ABD4-263B7CBA14FE}"
EndProject
Global
	GlobalSection(SolutionConfigurationPlatforms) = preSolution
		Debug|Any CPU = Debug|Any CPU
		Release|Any CPU = Release|Any CPU
	EndGlobalSection
	GlobalSection(ProjectConfigurationPlatforms) = postSolution
		{FD1E3033-DC2E-4E57-ABD4-263B7CBA14FE}.Debug|Any CPU.ActiveCfg = Debug|Any CPU
		{FD1E3033-DC2E-4E57-ABD4-263B7CBA14FE}.Debug|Any CPU.Build.0 = Debug|Any CPU
		{FD1E3033-DC2E-4E57-ABD4-263B7CBA14FE}.Release|Any CPU.ActiveCfg = Release|Any CPU
		{FD1E3033-DC2E-4E57-ABD4-263B7CBA14FE}.Release|Any CPU.Build.0 = Release|Any CPU
	EndGlobalSection
	GlobalSection(SolutionProperties) = preSolution
		HideSolutionNode = FALSE
	EndGlobalSection
	GlobalSection(ExtensibilityGlobals) = postSolution
		SolutionGuid = {720DB3BC-3C04-4757-B435-5625BE6477AD}
	EndGlobalSection
EndGlobal
